// !$*UTF8*$!
{
	archiveVersion = 1;
	classes = {
	};
	objectVersion = 55;
	objects = {

/* Begin PBXBuildFile section */
		93669D0D29B5F98E0048E9EA /* AppDelegate.swift in Sources */ = {isa = PBXBuildFile; fileRef = 93669D0C29B5F98E0048E9EA /* AppDelegate.swift */; };
		93669D0F29B5F98E0048E9EA /* SceneDelegate.swift in Sources */ = {isa = PBXBuildFile; fileRef = 93669D0E29B5F98E0048E9EA /* SceneDelegate.swift */; };
		93669D1129B5F98E0048E9EA /* ViewController.swift in Sources */ = {isa = PBXBuildFile; fileRef = 93669D1029B5F98E0048E9EA /* ViewController.swift */; };
		93669D1429B5F98E0048E9EA /* Main.storyboard in Resources */ = {isa = PBXBuildFile; fileRef = 93669D1229B5F98E0048E9EA /* Main.storyboard */; };
		93669D1629B5F9910048E9EA /* Assets.xcassets in Resources */ = {isa = PBXBuildFile; fileRef = 93669D1529B5F9910048E9EA /* Assets.xcassets */; };
		93669D1929B5F9910048E9EA /* LaunchScreen.storyboard in Resources */ = {isa = PBXBuildFile; fileRef = 93669D1729B5F9910048E9EA /* LaunchScreen.storyboard */; };
		93669D2129B60D690048E9EA /* CollectionViewCell.swift in Sources */ = {isa = PBXBuildFile; fileRef = 93669D2029B60D690048E9EA /* CollectionViewCell.swift */; };
		93669D2329B6111F0048E9EA /* Json4Swift_Base 3.swift in Sources */ = {isa = PBXBuildFile; fileRef = 93669D2229B6111F0048E9EA /* Json4Swift_Base 3.swift */; };
		93669D2529B615480048E9EA /* TableViewCell.swift in Sources */ = {isa = PBXBuildFile; fileRef = 93669D2429B615480048E9EA /* TableViewCell.swift */; };
/* End PBXBuildFile section */

/* Begin PBXFileReference section */
		93669D0929B5F98E0048E9EA /* OpenBrewery.app */ = {isa = PBXFileReference; explicitFileType = wrapper.application; includeInIndex = 0; path = OpenBrewery.app; sourceTree = BUILT_PRODUCTS_DIR; };
		93669D0C29B5F98E0048E9EA /* AppDelegate.swift */ = {isa = PBXFileReference; lastKnownFileType = sourcecode.swift; path = AppDelegate.swift; sourceTree = "<group>"; };
		93669D0E29B5F98E0048E9EA /* SceneDelegate.swift */ = {isa = PBXFileReference; lastKnownFileType = sourcecode.swift; path = SceneDelegate.swift; sourceTree = "<group>"; };
		93669D1029B5F98E0048E9EA /* ViewController.swift */ = {isa = PBXFileReference; lastKnownFileType = sourcecode.swift; path = ViewController.swift; sourceTree = "<group>"; };
		93669D1329B5F98E0048E9EA /* Base */ = {isa = PBXFileReference; lastKnownFileType = file.storyboard; name = Base; path = Base.lproj/Main.storyboard; sourceTree = "<group>"; };
		93669D1529B5F9910048E9EA /* Assets.xcassets */ = {isa = PBXFileReference; lastKnownFileType = folder.assetcatalog; path = Assets.xcassets; sourceTree = "<group>"; };
		93669D1829B5F9910048E9EA /* Base */ = {isa = PBXFileReference; lastKnownFileType = file.storyboard; name = Base; path = Base.lproj/LaunchScreen.storyboard; sourceTree = "<group>"; };
		93669D1A29B5F9910048E9EA /* Info.plist */ = {isa = PBXFileReference; lastKnownFileType = text.plist.xml; path = Info.plist; sourceTree = "<group>"; };
		93669D2029B60D690048E9EA /* CollectionViewCell.swift */ = {isa = PBXFileReference; lastKnownFileType = sourcecode.swift; path = CollectionViewCell.swift; sourceTree = "<group>"; };
		93669D2229B6111F0048E9EA /* Json4Swift_Base 3.swift */ = {isa = PBXFileReference; fileEncoding = 4; lastKnownFileType = sourcecode.swift; path = "Json4Swift_Base 3.swift"; sourceTree = "<group>"; };
		93669D2429B615480048E9EA /* TableViewCell.swift */ = {isa = PBXFileReference; lastKnownFileType = sourcecode.swift; path = TableViewCell.swift; sourceTree = "<group>"; };
/* End PBXFileReference section */

/* Begin PBXFrameworksBuildPhase section */
		93669D0629B5F98E0048E9EA /* Frameworks */ = {
			isa = PBXFrameworksBuildPhase;
			buildActionMask = 2147483647;
			files = (
			);
			runOnlyForDeploymentPostprocessing = 0;
		};
/* End PBXFrameworksBuildPhase section */

/* Begin PBXGroup section */
		93669D0029B5F98E0048E9EA = {
			isa = PBXGroup;
			children = (
				93669D0B29B5F98E0048E9EA /* OpenBrewery */,
				93669D0A29B5F98E0048E9EA /* Products */,
			);
			sourceTree = "<group>";
		};
		93669D0A29B5F98E0048E9EA /* Products */ = {
			isa = PBXGroup;
			children = (
				93669D0929B5F98E0048E9EA /* OpenBrewery.app */,
			);
			name = Products;
			sourceTree = "<group>";
		};
		93669D0B29B5F98E0048E9EA /* OpenBrewery */ = {
			isa = PBXGroup;
			children = (
				93669D0C29B5F98E0048E9EA /* AppDelegate.swift */,
				93669D0E29B5F98E0048E9EA /* SceneDelegate.swift */,
				93669D1029B5F98E0048E9EA /* ViewController.swift */,
				93669D2029B60D690048E9EA /* CollectionViewCell.swift */,
				93669D2429B615480048E9EA /* TableViewCell.swift */,
				93669D1229B5F98E0048E9EA /* Main.storyboard */,
				93669D1529B5F9910048E9EA /* Assets.xcassets */,
				93669D1729B5F9910048E9EA /* LaunchScreen.storyboard */,
				93669D1A29B5F9910048E9EA /* Info.plist */,
				93669D2229B6111F0048E9EA /* Json4Swift_Base 3.swift */,
			);
			path = OpenBrewery;
			sourceTree = "<group>";
		};
/* End PBXGroup section */

/* Begin PBXNativeTarget section */
		93669D0829B5F98E0048E9EA /* OpenBrewery */ = {
			isa = PBXNativeTarget;
			buildConfigurationList = 93669D1D29B5F9910048E9EA /* Build configuration list for PBXNativeTarget "OpenBrewery" */;
			buildPhases = (
				93669D0529B5F98E0048E9EA /* Sources */,
				93669D0629B5F98E0048E9EA /* Frameworks */,
				93669D0729B5F98E0048E9EA /* Resources */,
			);
			buildRules = (
			);
			dependencies = (
			);
			name = OpenBrewery;
			productName = OpenBrewery;
			productReference = 93669D0929B5F98E0048E9EA /* OpenBrewery.app */;
			productType = "com.apple.product-type.application";
		};
/* End PBXNativeTarget section */

/* Begin PBXProject section */
		93669D0129B5F98E0048E9EA /* Project object */ = {
			isa = PBXProject;
			attributes = {
				BuildIndependentTargetsInParallel = 1;
				LastSwiftUpdateCheck = 1320;
				LastUpgradeCheck = 1320;
				TargetAttributes = {
					93669D0829B5F98E0048E9EA = {
						CreatedOnToolsVersion = 13.2.1;
					};
				};
			};
			buildConfigurationList = 93669D0429B5F98E0048E9EA /* Build configuration list for PBXProject "OpenBrewery" */;
			compatibilityVersion = "Xcode 13.0";
			developmentRegion = en;
			hasScannedForEncodings = 0;
			knownRegions = (
				en,
				Base,
			);
			mainGroup = 93669D0029B5F98E0048E9EA;
			productRefGroup = 93669D0A29B5F98E0048E9EA /* Products */;
			projectDirPath = "";
			projectRoot = "";
			targets = (
				93669D0829B5F98E0048E9EA /* OpenBrewery */,
			);
		};
/* End PBXProject section */

/* Begin PBXResourcesBuildPhase section */
		93669D0729B5F98E0048E9EA /* Resources */ = {
			isa = PBXResourcesBuildPhase;
			buildActionMask = 2147483647;
			files = (
				93669D1929B5F9910048E9EA /* LaunchScreen.storyboard in Resources */,
				93669D1629B5F9910048E9EA /* Assets.xcassets in Resources */,
				93669D1429B5F98E0048E9EA /* Main.storyboard in Resources */,
			);
			runOnlyForDeploymentPostprocessing = 0;
		};
/* End PBXResourcesBuildPhase section */

/* Begin PBXSourcesBuildPhase section */
		93669D0529B5F98E0048E9EA /* Sources */ = {
			isa = PBXSourcesBuildPhase;
			buildActionMask = 2147483647;
			files = (
				93669D1129B5F98E0048E9EA /* ViewController.swift in Sources */,
				93669D0D29B5F98E0048E9EA /* AppDelegate.swift in Sources */,
				93669D2129B60D690048E9EA /* CollectionViewCell.swift in Sources */,
				93669D2529B615480048E9EA /* TableViewCell.swift in Sources */,
				93669D0F29B5F98E0048E9EA /* SceneDelegate.swift in Sources */,
				93669D2329B6111F0048E9EA /* Json4Swift_Base 3.swift in Sources */,
			);
			runOnlyForDeploymentPostprocessing = 0;
		};
/* End PBXSourcesBuildPhase section */

/* Begin PBXVariantGroup section */
		93669D1229B5F98E0048E9EA /* Main.storyboard */ = {
			isa = PBXVariantGroup;
			children = (
				93669D1329B5F98E0048E9EA /* Base */,
			);
			name = Main.storyboard;
			sourceTree = "<group>";
		};
		93669D1729B5F9910048E9EA /* LaunchScreen.storyboard */ = {
			isa = PBXVariantGroup;
			children = (
				93669D1829B5F9910048E9EA /* Base */,
			);
			name = LaunchScreen.storyboard;
			sourceTree = "<group>";
		};
/* End PBXVariantGroup section */

/* Begin XCBuildConfiguration section */
		93669D1B29B5F9910048E9EA /* Debug */ = {
			isa = XCBuildConfiguration;
			buildSettings = {
				ALWAYS_SEARCH_USER_PATHS = NO;
				CLANG_ANALYZER_NONNULL = YES;
				CLANG_ANALYZER_NUMBER_OBJECT_CONVERSION = YES_AGGRESSIVE;
				CLANG_CXX_LANGUAGE_STANDARD = "gnu++17";
				CLANG_CXX_LIBRARY = "libc++";
				CLANG_ENABLE_MODULES = YES;
				CLANG_ENABLE_OBJC_ARC = YES;
				CLANG_ENABLE_OBJC_WEAK = YES;
				CLANG_WARN_BLOCK_CAPTURE_AUTORELEASING = YES;
				CLANG_WARN_BOOL_CONVERSION = YES;
				CLANG_WARN_COMMA = YES;
				CLANG_WARN_CONSTANT_CONVERSION = YES;
				CLANG_WARN_DEPRECATED_OBJC_IMPLEMENTATIONS = YES;
				CLANG_WARN_DIRECT_OBJC_ISA_USAGE = YES_ERROR;
				CLANG_WARN_DOCUMENTATION_COMMENTS = YES;
				CLANG_WARN_EMPTY_BODY = YES;
				CLANG_WARN_ENUM_CONVERSION = YES;
				CLANG_WARN_INFINITE_RECURSION = YES;
				CLANG_WARN_INT_CONVERSION = YES;
				CLANG_WARN_NON_LITERAL_NULL_CONVERSION = YES;
				CLANG_WARN_OBJC_IMPLICIT_RETAIN_SELF = YES;
				CLANG_WARN_OBJC_LITERAL_CONVERSION = YES;
				CLANG_WARN_OBJC_ROOT_CLASS = YES_ERROR;
				CLANG_WARN_QUOTED_INCLUDE_IN_FRAMEWORK_HEADER = YES;
				CLANG_WARN_RANGE_LOOP_ANALYSIS = YES;
				CLANG_WARN_STRICT_PROTOTYPES = YES;
				CLANG_WARN_SUSPICIOUS_MOVE = YES;
				CLANG_WARN_UNGUARDED_AVAILABILITY = YES_AGGRESSIVE;
				CLANG_WARN_UNREACHABLE_CODE = YES;
				CLANG_WARN__DUPLICATE_METHOD_MATCH = YES;
				COPY_PHASE_STRIP = NO;
				DEBUG_INFORMATION_FORMAT = dwarf;
				ENABLE_STRICT_OBJC_MSGSEND = YES;
				ENABLE_TESTABILITY = YES;
				GCC_C_LANGUAGE_STANDARD = gnu11;
				GCC_DYNAMIC_NO_PIC = NO;
				GCC_NO_COMMON_BLOCKS = YES;
				GCC_OPTIMIZATION_LEVEL = 0;
				GCC_PREPROCESSOR_DEFINITIONS = (
					"DEBUG=1",
					"$(inherited)",
				);
				GCC_WARN_64_TO_32_BIT_CONVERSION = YES;
				GCC_WARN_ABOUT_RETURN_TYPE = YES_ERROR;
				GCC_WARN_UNDECLARED_SELECTOR = YES;
				GCC_WARN_UNINITIALIZED_AUTOS = YES_AGGRESSIVE;
				GCC_WARN_UNUSED_FUNCTION = YES;
				GCC_WARN_UNUSED_VARIABLE = YES;
				IPHONEOS_DEPLOYMENT_TARGET = 15.2;
				MTL_ENABLE_DEBUG_INFO = INCLUDE_SOURCE;
				MTL_FAST_MATH = YES;
				ONLY_ACTIVE_ARCH = YES;
				SDKROOT = iphoneos;
				SWIFT_ACTIVE_COMPILATION_CONDITIONS = DEBUG;
				SWIFT_OPTIMIZATION_LEVEL = "-Onone";
			};
			name = Debug;
		};
		93669D1C29B5F9910048E9EA /* Release */ = {
			isa = XCBuildConfiguration;
			buildSettings = {
				ALWAYS_SEARCH_USER_PATHS = NO;
				CLANG_ANALYZER_NONNULL = YES;
				CLANG_ANALYZER_NUMBER_OBJECT_CONVERSION = YES_AGGRESSIVE;
				CLANG_CXX_LANGUAGE_STANDARD = "gnu++17";
				CLANG_CXX_LIBRARY = "libc++";
				CLANG_ENABLE_MODULES = YES;
				CLANG_ENABLE_OBJC_ARC = YES;
				CLANG_ENABLE_OBJC_WEAK = YES;
				CLANG_WARN_BLOCK_CAPTURE_AUTORELEASING = YES;
				CLANG_WARN_BOOL_CONVERSION = YES;
				CLANG_WARN_COMMA = YES;
				CLANG_WARN_CONSTANT_CONVERSION = YES;
				CLANG_WARN_DEPRECATED_OBJC_IMPLEMENTATIONS = YES;
				CLANG_WARN_DIRECT_OBJC_ISA_USAGE = YES_ERROR;
				CLANG_WARN_DOCUMENTATION_COMMENTS = YES;
				CLANG_WARN_EMPTY_BODY = YES;
				CLANG_WARN_ENUM_CONVERSION = YES;
				CLANG_WARN_INFINITE_RECURSION = YES;
				CLANG_WARN_INT_CONVERSION = YES;
				CLANG_WARN_NON_LITERAL_NULL_CONVERSION = YES;
				CLANG_WARN_OBJC_IMPLICIT_RETAIN_SELF = YES;
				CLANG_WARN_OBJC_LITERAL_CONVERSION = YES;
				CLANG_WARN_OBJC_ROOT_CLASS = YES_ERROR;
				CLANG_WARN_QUOTED_INCLUDE_IN_FRAMEWORK_HEADER = YES;
				CLANG_WARN_RANGE_LOOP_ANALYSIS = YES;
				CLANG_WARN_STRICT_PROTOTYPES = YES;
				CLANG_WARN_SUSPICIOUS_MOVE = YES;
				CLANG_WARN_UNGUARDED_AVAILABILITY = YES_AGGRESSIVE;
				CLANG_WARN_UNREACHABLE_CODE = YES;
				CLANG_WARN__DUPLICATE_METHOD_MATCH = YES;
				COPY_PHASE_STRIP = NO;
				DEBUG_INFORMATION_FORMAT = "dwarf-with-dsym";
				ENABLE_NS_ASSERTIONS = NO;
				ENABLE_STRICT_OBJC_MSGSEND = YES;
				GCC_C_LANGUAGE_STANDARD = gnu11;
				GCC_NO_COMMON_BLOCKS = YES;
				GCC_WARN_64_TO_32_BIT_CONVERSION = YES;
				GCC_WARN_ABOUT_RETURN_TYPE = YES_ERROR;
				GCC_WARN_UNDECLARED_SELECTOR = YES;
				GCC_WARN_UNINITIALIZED_AUTOS = YES_AGGRESSIVE;
				GCC_WARN_UNUSED_FUNCTION = YES;
				GCC_WARN_UNUSED_VARIABLE = YES;
				IPHONEOS_DEPLOYMENT_TARGET = 15.2;
				MTL_ENABLE_DEBUG_INFO = NO;
				MTL_FAST_MATH = YES;
				SDKROOT = iphoneos;
				SWIFT_COMPILATION_MODE = wholemodule;
				SWIFT_OPTIMIZATION_LEVEL = "-O";
				VALIDATE_PRODUCT = YES;
			};
			name = Release;
		};
		93669D1E29B5F9910048E9EA /* Debug */ = {
			isa = XCBuildConfiguration;
			buildSettings = {
				ASSETCATALOG_COMPILER_APPICON_NAME = AppIcon;
				ASSETCATALOG_COMPILER_GLOBAL_ACCENT_COLOR_NAME = AccentColor;
				CODE_SIGN_STYLE = Automatic;
				CURRENT_PROJECT_VERSION = 1;
				DEVELOPMENT_TEAM = M36758779V;
				GENERATE_INFOPLIST_FILE = YES;
				INFOPLIST_FILE = OpenBrewery/Info.plist;
				INFOPLIST_KEY_UIApplicationSupportsIndirectInputEvents = YES;
				INFOPLIST_KEY_UILaunchStoryboardName = LaunchScreen;
				INFOPLIST_KEY_UIMainStoryboardFile = Main;
				INFOPLIST_KEY_UISupportedInterfaceOrientations_iPad = "UIInterfaceOrientationPortrait UIInterfaceOrientationPortraitUpsideDown UIInterfaceOrientationLandscapeLeft UIInterfaceOrientationLandscapeRight";
				INFOPLIST_KEY_UISupportedInterfaceOrientations_iPhone = "UIInterfaceOrientationPortrait UIInterfaceOrientationLandscapeLeft UIInterfaceOrientationLandscapeRight";
				LD_RUNPATH_SEARCH_PATHS = (
					"$(inherited)",
					"@executable_path/Frameworks",
				);
				MARKETING_VERSION = 1.0;
				PRODUCT_BUNDLE_IDENTIFIER = com.itpathsolution.OpenBrewery;
				PRODUCT_NAME = "$(TARGET_NAME)";
				SWIFT_EMIT_LOC_STRINGS = YES;
				SWIFT_VERSION = 5.0;
				TARGETED_DEVICE_FAMILY = "1,2";
			};
			name = Debug;
		};
		93669D1F29B5F9910048E9EA /* Release */ = {
			isa = XCBuildConfiguration;
			buildSettings = {
				ASSETCATALOG_COMPILER_APPICON_NAME = AppIcon;
				ASSETCATALOG_COMPILER_GLOBAL_ACCENT_COLOR_NAME = AccentColor;
				CODE_SIGN_STYLE = Automatic;
				CURRENT_PROJECT_VERSION = 1;
				DEVELOPMENT_TEAM = M36758779V;
				GENERATE_INFOPLIST_FILE = YES;
				INFOPLIST_FILE = OpenBrewery/Info.plist;
				INFOPLIST_KEY_UIApplicationSupportsIndirectInputEvents = YES;
				INFOPLIST_KEY_UILaunchStoryboardName = LaunchScreen;
				INFOPLIST_KEY_UIMainStoryboardFile = Main;
				INFOPLIST_KEY_UISupportedInterfaceOrientations_iPad = "UIInterfaceOrientationPortrait UIInterfaceOrientationPortraitUpsideDown UIInterfaceOrientationLandscapeLeft UIInterfaceOrientationLandscapeRight";
				INFOPLIST_KEY_UISupportedInterfaceOrientations_iPhone = "UIInterfaceOrientationPortrait UIInterfaceOrientationLandscapeLeft UIInterfaceOrientationLandscapeRight";
				LD_RUNPATH_SEARCH_PATHS = (
					"$(inherited)",
					"@executable_path/Frameworks",
				);
				MARKETING_VERSION = 1.0;
				PRODUCT_BUNDLE_IDENTIFIER = com.itpathsolution.OpenBrewery;
				PRODUCT_NAME = "$(TARGET_NAME)";
				SWIFT_EMIT_LOC_STRINGS = YES;
				SWIFT_VERSION = 5.0;
				TARGETED_DEVICE_FAMILY = "1,2";
			};
			name = Release;
		};
/* End XCBuildConfiguration section */

/* Begin XCConfigurationList section */
		93669D0429B5F98E0048E9EA /* Build configuration list for PBXProject "OpenBrewery" */ = {
			isa = XCConfigurationList;
			buildConfigurations = (
				93669D1B29B5F9910048E9EA /* Debug */,
				93669D1C29B5F9910048E9EA /* Release */,
			);
			defaultConfigurationIsVisible = 0;
			defaultConfigurationName = Release;
		};
		93669D1D29B5F9910048E9EA /* Build configuration list for PBXNativeTarget "OpenBrewery" */ = {
			isa = XCConfigurationList;
			buildConfigurations = (
				93669D1E29B5F9910048E9EA /* Debug */,
				93669D1F29B5F9910048E9EA /* Release */,
			);
			defaultConfigurationIsVisible = 0;
			defaultConfigurationName = Release;
		};
/* End XCConfigurationList section */
	};
	rootObject = 93669D0129B5F98E0048E9EA /* Project object */;
}
